
Microsoft Visual Studio Solution File, Format Version 12.00
# Visual Studio Version 17
VisualStudioVersion = 17.0.31903.59
MinimumVisualStudioVersion = 10.0.40219.1
Project("{2150E333-8FDC-42A3-9474-1A3956D46DE8}") = "src", "src", "{827E0CD3-B72D-47B6-A68D-7590B98EB39B}"
EndProject
Project("{FAE04EC0-301F-11D3-BF4B-00C04F79EFBC}") = "RevPay.Domain", "src\RevPay.Domain\RevPay.Domain.csproj", "{5E1BAA2D-E826-46B2-A00B-C73CF5B85634}"
EndProject
Project("{FAE04EC0-301F-11D3-BF4B-00C04F79EFBC}") = "RevPay.Application", "src\RevPay.Application\RevPay.Application.csproj", "{4AB2EE9D-6AA1-414B-A00F-C53675C37492}"
EndProject
Project("{FAE04EC0-301F-11D3-BF4B-00C04F79EFBC}") = "RevPay.Infrastructure", "src\RevPay.Infrastructure\RevPay.Infrastructure.csproj", "{5D4DC1CB-3F85-4524-89CD-0F1B75ED6EC9}"
EndProject
Project("{FAE04EC0-301F-11D3-BF4B-00C04F79EFBC}") = "RevPay.API", "src\RevPay.API\RevPay.API.csproj", "{64EF0670-49EA-4FF8-99C2-E3297E4983F0}"
EndProject
Global
	GlobalSection(SolutionConfigurationPlatforms) = preSolution
		Debug|Any CPU = Debug|Any CPU
		Debug|x64 = Debug|x64
		Debug|x86 = Debug|x86
		Release|Any CPU = Release|Any CPU
		Release|x64 = Release|x64
		Release|x86 = Release|x86
	EndGlobalSection
	GlobalSection(ProjectConfigurationPlatforms) = postSolution
		{5E1BAA2D-E826-46B2-A00B-C73CF5B85634}.Debug|Any CPU.ActiveCfg = Debug|Any CPU
		{5E1BAA2D-E826-46B2-A00B-C73CF5B85634}.Debug|Any CPU.Build.0 = Debug|Any CPU
		{5E1BAA2D-E826-46B2-A00B-C73CF5B85634}.Debug|x64.ActiveCfg = Debug|Any CPU
		{5E1BAA2D-E826-46B2-A00B-C73CF5B85634}.Debug|x64.Build.0 = Debug|Any CPU
		{5E1BAA2D-E826-46B2-A00B-C73CF5B85634}.Debug|x86.ActiveCfg = Debug|Any CPU
		{5E1BAA2D-E826-46B2-A00B-C73CF5B85634}.Debug|x86.Build.0 = Debug|Any CPU
		{5E1BAA2D-E826-46B2-A00B-C73CF5B85634}.Release|Any CPU.ActiveCfg = Release|Any CPU
		{5E1BAA2D-E826-46B2-A00B-C73CF5B85634}.Release|Any CPU.Build.0 = Release|Any CPU
		{5E1BAA2D-E826-46B2-A00B-C73CF5B85634}.Release|x64.ActiveCfg = Release|Any CPU
		{5E1BAA2D-E826-46B2-A00B-C73CF5B85634}.Release|x64.Build.0 = Release|Any CPU
		{5E1BAA2D-E826-46B2-A00B-C73CF5B85634}.Release|x86.ActiveCfg = Release|Any CPU
		{5E1BAA2D-E826-46B2-A00B-C73CF5B85634}.Release|x86.Build.0 = Release|Any CPU
		{4AB2EE9D-6AA1-414B-A00F-C53675C37492}.Debug|Any CPU.ActiveCfg = Debug|Any CPU
		{4AB2EE9D-6AA1-414B-A00F-C53675C37492}.Debug|Any CPU.Build.0 = Debug|Any CPU
		{4AB2EE9D-6AA1-414B-A00F-C53675C37492}.Debug|x64.ActiveCfg = Debug|Any CPU
		{4AB2EE9D-6AA1-414B-A00F-C53675C37492}.Debug|x64.Build.0 = Debug|Any CPU
		{4AB2EE9D-6AA1-414B-A00F-C53675C37492}.Debug|x86.ActiveCfg = Debug|Any CPU
		{4AB2EE9D-6AA1-414B-A00F-C53675C37492}.Debug|x86.Build.0 = Debug|Any CPU
		{4AB2EE9D-6AA1-414B-A00F-C53675C37492}.Release|Any CPU.ActiveCfg = Release|Any CPU
		{4AB2EE9D-6AA1-414B-A00F-C53675C37492}.Release|Any CPU.Build.0 = Release|Any CPU
		{4AB2EE9D-6AA1-414B-A00F-C53675C37492}.Release|x64.ActiveCfg = Release|Any CPU
		{4AB2EE9D-6AA1-414B-A00F-C53675C37492}.Release|x64.Build.0 = Release|Any CPU
		{4AB2EE9D-6AA1-414B-A00F-C53675C37492}.Release|x86.ActiveCfg = Release|Any CPU
		{4AB2EE9D-6AA1-414B-A00F-C53675C37492}.Release|x86.Build.0 = Release|Any CPU
		{5D4DC1CB-3F85-4524-89CD-0F1B75ED6EC9}.Debug|Any CPU.ActiveCfg = Debug|Any CPU
		{5D4DC1CB-3F85-4524-89CD-0F1B75ED6EC9}.Debug|Any CPU.Build.0 = Debug|Any CPU
		{5D4DC1CB-3F85-4524-89CD-0F1B75ED6EC9}.Debug|x64.ActiveCfg = Debug|Any CPU
		{5D4DC1CB-3F85-4524-89CD-0F1B75ED6EC9}.Debug|x64.Build.0 = Debug|Any CPU
		{5D4DC1CB-3F85-4524-89CD-0F1B75ED6EC9}.Debug|x86.ActiveCfg = Debug|Any CPU
		{5D4DC1CB-3F85-4524-89CD-0F1B75ED6EC9}.Debug|x86.Build.0 = Debug|Any CPU
		{5D4DC1CB-3F85-4524-89CD-0F1B75ED6EC9}.Release|Any CPU.ActiveCfg = Release|Any CPU
		{5D4DC1CB-3F85-4524-89CD-0F1B75ED6EC9}.Release|Any CPU.Build.0 = Release|Any CPU
		{5D4DC1CB-3F85-4524-89CD-0F1B75ED6EC9}.Release|x64.ActiveCfg = Release|Any CPU
		{5D4DC1CB-3F85-4524-89CD-0F1B75ED6EC9}.Release|x64.Build.0 = Release|Any CPU
		{5D4DC1CB-3F85-4524-89CD-0F1B75ED6EC9}.Release|x86.ActiveCfg = Release|Any CPU
		{5D4DC1CB-3F85-4524-89CD-0F1B75ED6EC9}.Release|x86.Build.0 = Release|Any CPU
		{64EF0670-49EA-4FF8-99C2-E3297E4983F0}.Debug|Any CPU.ActiveCfg = Debug|Any CPU
		{64EF0670-49EA-4FF8-99C2-E3297E4983F0}.Debug|Any CPU.Build.0 = Debug|Any CPU
		{64EF0670-49EA-4FF8-99C2-E3297E4983F0}.Debug|x64.ActiveCfg = Debug|Any CPU
		{64EF0670-49EA-4FF8-99C2-E3297E4983F0}.Debug|x64.Build.0 = Debug|Any CPU
		{64EF0670-49EA-4FF8-99C2-E3297E4983F0}.Debug|x86.ActiveCfg = Debug|Any CPU
		{64EF0670-49EA-4FF8-99C2-E3297E4983F0}.Debug|x86.Build.0 = Debug|Any CPU
		{64EF0670-49EA-4FF8-99C2-E3297E4983F0}.Release|Any CPU.ActiveCfg = Release|Any CPU
		{64EF0670-49EA-4FF8-99C2-E3297E4983F0}.Release|Any CPU.Build.0 = Release|Any CPU
		{64EF0670-49EA-4FF8-99C2-E3297E4983F0}.Release|x64.ActiveCfg = Release|Any CPU
		{64EF0670-49EA-4FF8-99C2-E3297E4983F0}.Release|x64.Build.0 = Release|Any CPU
		{64EF0670-49EA-4FF8-99C2-E3297E4983F0}.Release|x86.ActiveCfg = Release|Any CPU
		{64EF0670-49EA-4FF8-99C2-E3297E4983F0}.Release|x86.Build.0 = Release|Any CPU
	EndGlobalSection
	GlobalSection(SolutionProperties) = preSolution
		HideSolutionNode = FALSE
	EndGlobalSection
	GlobalSection(NestedProjects) = preSolution
		{5E1BAA2D-E826-46B2-A00B-C73CF5B85634} = {827E0CD3-B72D-47B6-A68D-7590B98EB39B}
		{4AB2EE9D-6AA1-414B-A00F-C53675C37492} = {827E0CD3-B72D-47B6-A68D-7590B98EB39B}
		{5D4DC1CB-3F85-4524-89CD-0F1B75ED6EC9} = {827E0CD3-B72D-47B6-A68D-7590B98EB39B}
		{64EF0670-49EA-4FF8-99C2-E3297E4983F0} = {827E0CD3-B72D-47B6-A68D-7590B98EB39B}
	EndGlobalSection
EndGlobal
